{
  "name": "md",
  "version": "1.0.0",
  "lockfileVersion": 1,
  "requires": true,
  "dependencies": {
    "@material/animation": {
      "version": "0.25.0",
      "resolved": "https://registry.npmjs.org/@material/animation/-/animation-0.25.0.tgz",
      "integrity": "sha512-4RzlpMwJtMnQ3/rNf4zpG9qnoQcCkYiRs6U515MRQzv7qFl1eCZx3U3dGaUu7UVf3Hwx4RskUB/fBxGc0b61CQ=="
    },
    "@material/base": {
      "version": "0.29.0",
      "resolved": "https://registry.npmjs.org/@material/base/-/base-0.29.0.tgz",
      "integrity": "sha512-5jgaxI0x18JWb7orFPNm+on3Oe1o0RUgrh/xSpuJ4U4rEwMmC94rOMdacllaenmUuLq1DRPE7UeGOzfWfZf3bQ=="
    },
    "@material/elevation": {
      "version": "0.28.0",
      "resolved": "https://registry.npmjs.org/@material/elevation/-/elevation-0.28.0.tgz",
      "integrity": "sha512-U2utCuMDDhrJ8Cyisz16GAejN9h9xyS4jvVkt2uIOUyPZRjnaJyoAbpyf0mOzFxIdBuRpNGJYm2PoAwHsSA+xw==",
      "requires": {
        "@material/animation": "0.25.0",
        "@material/theme": "0.4.0"
      },
      "dependencies": {
        "@material/theme": {
          "version": "0.4.0",
          "resolved": "https://registry.npmjs.org/@material/theme/-/theme-0.4.0.tgz",
          "integrity": "sha1-Cu8aAnm2XBWZBYT7i47KCVxzRkE="
        }
      }
    },
    "@material/fab": {
      "version": "0.31.0",
      "resolved": "https://registry.npmjs.org/@material/fab/-/fab-0.31.0.tgz",
      "integrity": "sha512-zt0L06Ry3uGZS6OFz7XsF6/qd2q8JQ9JuXdSaa3Glold46jYLteCTozsX6lzaOiznAVkoeROEIAXv5kAHHVgCw==",
      "requires": {
        "@material/animation": "0.25.0",
        "@material/elevation": "0.28.0",
        "@material/ripple": "0.31.0",
        "@material/theme": "0.30.0"
      }
    },
    "@material/list": {
      "version": "0.31.0",
      "resolved": "https://registry.npmjs.org/@material/list/-/list-0.31.0.tgz",
      "integrity": "sha512-Kn8hEhnQv52kDv7K+3te7Nt5fi6lShdJlQqeVB4dxT3+undLiDkEgT+5xJ+xIp8O3/OnlhBcaFyXQ2PhyTk5zw==",
      "requires": {
        "@material/ripple": "0.31.0",
        "@material/rtl": "0.30.0",
        "@material/theme": "0.30.0",
        "@material/typography": "0.28.0"
      }
    },
    "@material/menu": {
      "version": "0.31.0",
      "resolved": "https://registry.npmjs.org/@material/menu/-/menu-0.31.0.tgz",
      "integrity": "sha512-9318W8Ws1lnJzsXC9+3hVaYJkGxJOXNHR4PaIpvI9T4ZmyRu5+E6Cp0hf42RTQ1bHTDLOSG/tPuKvsN9VW/6hQ==",
      "requires": {
        "@material/animation": "0.25.0",
        "@material/base": "0.29.0",
        "@material/elevation": "0.28.0",
        "@material/theme": "0.30.0",
        "@material/typography": "0.28.0"
      }
    },
    "@material/ripple": {
      "version": "0.31.0",
      "resolved": "https://registry.npmjs.org/@material/ripple/-/ripple-0.31.0.tgz",
      "integrity": "sha512-MPWE2PzT+1iCCF0baspU8JgHdTN3AVDbJujAx0/6cKDADgIoI8aRDFWGJt1Xtv1MdiOWkBt/wR3Jz+fpVFUe0A==",
      "requires": {
        "@material/base": "0.29.0",
        "@material/theme": "0.30.0"
      }
    },
    "@material/rtl": {
      "version": "0.30.0",
      "resolved": "https://registry.npmjs.org/@material/rtl/-/rtl-0.30.0.tgz",
      "integrity": "sha512-zxEiXFESaQvNNm+tHO0QVKxkGERkL6rX4ghusl7HhosueOcjaVLNYCxH5F0x6Et04TL0wh1ycBmFUIEqVhEkWw=="
    },
    "@material/select": {
      "version": "0.31.0",
      "resolved": "https://registry.npmjs.org/@material/select/-/select-0.31.0.tgz",
      "integrity": "sha512-RV18qRsccVqAGjUR9mBsZdBVZ1Ijz1BGqGi4+WfhRKrsveczAfQH288moWV60/khfSGjrlt2h+GICTKqkA0+bw==",
      "requires": {
        "@material/animation": "0.25.0",
        "@material/base": "0.29.0",
        "@material/list": "0.31.0",
        "@material/menu": "0.31.0",
        "@material/ripple": "0.31.0",
        "@material/rtl": "0.30.0",
        "@material/theme": "0.30.0",
        "@material/typography": "0.28.0"
      }
    },
    "@material/theme": {
      "version": "0.30.0",
      "resolved": "https://registry.npmjs.org/@material/theme/-/theme-0.30.0.tgz",
      "integrity": "sha512-jd1iC5qyq5YX4w8sZj9+lXExeK4adXbAjw/lOQuDeT6WSGJf7HovxQlHjlyWJ4p/x0xTGrlaDHnrCxeJQCq4Og=="
    },
    "@material/typography": {
      "version": "0.28.0",
      "resolved": "https://registry.npmjs.org/@material/typography/-/typography-0.28.0.tgz",
      "integrity": "sha512-Cz8XxO/bocChQAM87xTAN9CM31Q04FgW0N4lSQWyha2PAK/LdtfjjWFPZWNZKyQbZJBNjINbE3/PqMnWDTd4cQ=="
    },
    "material-design-lite": {
      "version": "1.3.0",
      "resolved": "https://registry.npmjs.org/material-design-lite/-/material-design-lite-1.3.0.tgz",
      "integrity": "sha1-0ATOP+6Zoe63Sni4oyUTSl8RcdM="
    }
  }
}
